// !$*UTF8*$!
{
	archiveVersion = 1;
	classes = {
	};
	objectVersion = 50;
	objects = {

/* Begin PBXBuildFile section */
		A005FBB120FF25A7009FB262 /* AppDelegate.swift in Sources */ = {isa = PBXBuildFile; fileRef = A005FBB020FF25A7009FB262 /* AppDelegate.swift */; };
		A005FBB320FF25A7009FB262 /* ViewController.swift in Sources */ = {isa = PBXBuildFile; fileRef = A005FBB220FF25A7009FB262 /* ViewController.swift */; };
		A005FBB620FF25A7009FB262 /* Main.storyboard in Resources */ = {isa = PBXBuildFile; fileRef = A005FBB420FF25A7009FB262 /* Main.storyboard */; };
		A005FBB820FF25A9009FB262 /* Assets.xcassets in Resources */ = {isa = PBXBuildFile; fileRef = A005FBB720FF25A9009FB262 /* Assets.xcassets */; };
		A005FBBB20FF25A9009FB262 /* LaunchScreen.storyboard in Resources */ = {isa = PBXBuildFile; fileRef = A005FBB920FF25A9009FB262 /* LaunchScreen.storyboard */; };
		A005FBC320FF26EA009FB262 /* TableViewController.swift in Sources */ = {isa = PBXBuildFile; fileRef = A005FBC220FF26EA009FB262 /* TableViewController.swift */; };
/* End PBXBuildFile section */

/* Begin PBXFileReference section */
		A005FBAD20FF25A7009FB262 /* PassDataUseDelegate2.app */ = {isa = PBXFileReference; explicitFileType = wrapper.application; includeInIndex = 0; path = PassDataUseDelegate2.app; sourceTree = BUILT_PRODUCTS_DIR; };
		A005FBB020FF25A7009FB262 /* AppDelegate.swift */ = {isa = PBXFileReference; lastKnownFileType = sourcecode.swift; path = AppDelegate.swift; sourceTree = "<group>"; };
		A005FBB220FF25A7009FB262 /* ViewController.swift */ = {isa = PBXFileReference; lastKnownFileType = sourcecode.swift; path = ViewController.swift; sourceTree = "<group>"; };
		A005FBB520FF25A7009FB262 /* Base */ = {isa = PBXFileReference; lastKnownFileType = file.storyboard; name = Base; path = Base.lproj/Main.storyboard; sourceTree = "<group>"; };
		A005FBB720FF25A9009FB262 /* Assets.xcassets */ = {isa = PBXFileReference; lastKnownFileType = folder.assetcatalog; path = Assets.xcassets; sourceTree = "<group>"; };
		A005FBBA20FF25A9009FB262 /* Base */ = {isa = PBXFileReference; lastKnownFileType = file.storyboard; name = Base; path = Base.lproj/LaunchScreen.storyboard; sourceTree = "<group>"; };
		A005FBBC20FF25A9009FB262 /* Info.plist */ = {isa = PBXFileReference; lastKnownFileType = text.plist.xml; path = Info.plist; sourceTree = "<group>"; };
		A005FBC220FF26EA009FB262 /* TableViewController.swift */ = {isa = PBXFileReference; lastKnownFileType = sourcecode.swift; path = TableViewController.swift; sourceTree = "<group>"; };
/* End PBXFileReference section */

/* Begin PBXFrameworksBuildPhase section */
		A005FBAA20FF25A7009FB262 /* Frameworks */ = {
			isa = PBXFrameworksBuildPhase;
			buildActionMask = 2147483647;
			files = (
			);
			runOnlyForDeploymentPostprocessing = 0;
		};
/* End PBXFrameworksBuildPhase section */

/* Begin PBXGroup section */
		A005FBA420FF25A7009FB262 = {
			isa = PBXGroup;
			children = (
				A005FBAF20FF25A7009FB262 /* PassDataUseDelegate2 */,
				A005FBAE20FF25A7009FB262 /* Products */,
			);
			sourceTree = "<group>";
		};
		A005FBAE20FF25A7009FB262 /* Products */ = {
			isa = PBXGroup;
			children = (
				A005FBAD20FF25A7009FB262 /* PassDataUseDelegate2.app */,
			);
			name = Products;
			sourceTree = "<group>";
		};
		A005FBAF20FF25A7009FB262 /* PassDataUseDelegate2 */ = {
			isa = PBXGroup;
			children = (
				A005FBB020FF25A7009FB262 /* AppDelegate.swift */,
				A005FBB220FF25A7009FB262 /* ViewController.swift */,
				A005FBC220FF26EA009FB262 /* TableViewController.swift */,
				A005FBB420FF25A7009FB262 /* Main.storyboard */,
				A005FBB720FF25A9009FB262 /* Assets.xcassets */,
				A005FBB920FF25A9009FB262 /* LaunchScreen.storyboard */,
				A005FBBC20FF25A9009FB262 /* Info.plist */,
			);
			path = PassDataUseDelegate2;
			sourceTree = "<group>";
		};
/* End PBXGroup section */

/* Begin PBXNativeTarget section */
		A005FBAC20FF25A7009FB262 /* PassDataUseDelegate2 */ = {
			isa = PBXNativeTarget;
			buildConfigurationList = A005FBBF20FF25A9009FB262 /* Build configuration list for PBXNativeTarget "PassDataUseDelegate2" */;
			buildPhases = (
				A005FBA920FF25A7009FB262 /* Sources */,
				A005FBAA20FF25A7009FB262 /* Frameworks */,
				A005FBAB20FF25A7009FB262 /* Resources */,
			);
			buildRules = (
			);
			dependencies = (
			);
			name = PassDataUseDelegate2;
			productName = PassDataUseDelegate2;
			productReference = A005FBAD20FF25A7009FB262 /* PassDataUseDelegate2.app */;
			productType = "com.apple.product-type.application";
		};
/* End PBXNativeTarget section */

/* Begin PBXProject section */
		A005FBA520FF25A7009FB262 /* Project object */ = {
			isa = PBXProject;
			attributes = {
				LastSwiftUpdateCheck = 0940;
				LastUpgradeCheck = 0940;
				ORGANIZATIONNAME = "Hiếu Nguyễn";
				TargetAttributes = {
					A005FBAC20FF25A7009FB262 = {
						CreatedOnToolsVersion = 9.4.1;
					};
				};
			};
			buildConfigurationList = A005FBA820FF25A7009FB262 /* Build configuration list for PBXProject "PassDataUseDelegate2" */;
			compatibilityVersion = "Xcode 9.3";
			developmentRegion = en;
			hasScannedForEncodings = 0;
			knownRegions = (
				en,
				Base,
			);
			mainGroup = A005FBA420FF25A7009FB262;
			productRefGroup = A005FBAE20FF25A7009FB262 /* Products */;
			projectDirPath = "";
			projectRoot = "";
			targets = (
				A005FBAC20FF25A7009FB262 /* PassDataUseDelegate2 */,
			);
		};
/* End PBXProject section */

/* Begin PBXResourcesBuildPhase section */
		A005FBAB20FF25A7009FB262 /* Resources */ = {
			isa = PBXResourcesBuildPhase;
			buildActionMask = 2147483647;
			files = (
				A005FBBB20FF25A9009FB262 /* LaunchScreen.storyboard in Resources */,
				A005FBB820FF25A9009FB262 /* Assets.xcassets in Resources */,
				A005FBB620FF25A7009FB262 /* Main.storyboard in Resources */,
			);
			runOnlyForDeploymentPostprocessing = 0;
		};
/* End PBXResourcesBuildPhase section */

/* Begin PBXSourcesBuildPhase section */
		A005FBA920FF25A7009FB262 /* Sources */ = {
			isa = PBXSourcesBuildPhase;
			buildActionMask = 2147483647;
			files = (
				A005FBB320FF25A7009FB262 /* ViewController.swift in Sources */,
				A005FBC320FF26EA009FB262 /* TableViewController.swift in Sources */,
				A005FBB120FF25A7009FB262 /* AppDelegate.swift in Sources */,
			);
			runOnlyForDeploymentPostprocessing = 0;
		};
/* End PBXSourcesBuildPhase section */

/* Begin PBXVariantGroup section */
		A005FBB420FF25A7009FB262 /* Main.storyboard */ = {
			isa = PBXVariantGroup;
			children = (
				A005FBB520FF25A7009FB262 /* Base */,
			);
			name = Main.storyboard;
			sourceTree = "<group>";
		};
		A005FBB920FF25A9009FB262 /* LaunchScreen.storyboard */ = {
			isa = PBXVariantGroup;
			children = (
				A005FBBA20FF25A9009FB262 /* Base */,
			);
			name = LaunchScreen.storyboard;
			sourceTree = "<group>";
		};
/* End PBXVariantGroup section */

/* Begin XCBuildConfiguration section */
		A005FBBD20FF25A9009FB262 /* Debug */ = {
			isa = XCBuildConfiguration;
			buildSettings = {
				ALWAYS_SEARCH_USER_PATHS = NO;
				CLANG_ANALYZER_NONNULL = YES;
				CLANG_ANALYZER_NUMBER_OBJECT_CONVERSION = YES_AGGRESSIVE;
				CLANG_CXX_LANGUAGE_STANDARD = "gnu++14";
				CLANG_CXX_LIBRARY = "libc++";
				CLANG_ENABLE_MODULES = YES;
				CLANG_ENABLE_OBJC_ARC = YES;
				CLANG_ENABLE_OBJC_WEAK = YES;
				CLANG_WARN_BLOCK_CAPTURE_AUTORELEASING = YES;
				CLANG_WARN_BOOL_CONVERSION = YES;
				CLANG_WARN_COMMA = YES;
				CLANG_WARN_CONSTANT_CONVERSION = YES;
				CLANG_WARN_DEPRECATED_OBJC_IMPLEMENTATIONS = YES;
				CLANG_WARN_DIRECT_OBJC_ISA_USAGE = YES_ERROR;
				CLANG_WARN_DOCUMENTATION_COMMENTS = YES;
				CLANG_WARN_EMPTY_BODY = YES;
				CLANG_WARN_ENUM_CONVERSION = YES;
				CLANG_WARN_INFINITE_RECURSION = YES;
				CLANG_WARN_INT_CONVERSION = YES;
				CLANG_WARN_NON_LITERAL_NULL_CONVERSION = YES;
				CLANG_WARN_OBJC_IMPLICIT_RETAIN_SELF = YES;
				CLANG_WARN_OBJC_LITERAL_CONVERSION = YES;
				CLANG_WARN_OBJC_ROOT_CLASS = YES_ERROR;
				CLANG_WARN_RANGE_LOOP_ANALYSIS = YES;
				CLANG_WARN_STRICT_PROTOTYPES = YES;
				CLANG_WARN_SUSPICIOUS_MOVE = YES;
				CLANG_WARN_UNGUARDED_AVAILABILITY = YES_AGGRESSIVE;
				CLANG_WARN_UNREACHABLE_CODE = YES;
				CLANG_WARN__DUPLICATE_METHOD_MATCH = YES;
				CODE_SIGN_IDENTITY = "iPhone Developer";
				COPY_PHASE_STRIP = NO;
				DEBUG_INFORMATION_FORMAT = dwarf;
				ENABLE_STRICT_OBJC_MSGSEND = YES;
				ENABLE_TESTABILITY = YES;
				GCC_C_LANGUAGE_STANDARD = gnu11;
				GCC_DYNAMIC_NO_PIC = NO;
				GCC_NO_COMMON_BLOCKS = YES;
				GCC_OPTIMIZATION_LEVEL = 0;
				GCC_PREPROCESSOR_DEFINITIONS = (
					"DEBUG=1",
					"$(inherited)",
				);
				GCC_WARN_64_TO_32_BIT_CONVERSION = YES;
				GCC_WARN_ABOUT_RETURN_TYPE = YES_ERROR;
				GCC_WARN_UNDECLARED_SELECTOR = YES;
				GCC_WARN_UNINITIALIZED_AUTOS = YES_AGGRESSIVE;
				GCC_WARN_UNUSED_FUNCTION = YES;
				GCC_WARN_UNUSED_VARIABLE = YES;
				IPHONEOS_DEPLOYMENT_TARGET = 11.4;
				MTL_ENABLE_DEBUG_INFO = YES;
				ONLY_ACTIVE_ARCH = YES;
				SDKROOT = iphoneos;
				SWIFT_ACTIVE_COMPILATION_CONDITIONS = DEBUG;
				SWIFT_OPTIMIZATION_LEVEL = "-Onone";
			};
			name = Debug;
		};
		A005FBBE20FF25A9009FB262 /* Release */ = {
			isa = XCBuildConfiguration;
			buildSettings = {
				ALWAYS_SEARCH_USER_PATHS = NO;
				CLANG_ANALYZER_NONNULL = YES;
				CLANG_ANALYZER_NUMBER_OBJECT_CONVERSION = YES_AGGRESSIVE;
				CLANG_CXX_LANGUAGE_STANDARD = "gnu++14";
				CLANG_CXX_LIBRARY = "libc++";
				CLANG_ENABLE_MODULES = YES;
				CLANG_ENABLE_OBJC_ARC = YES;
				CLANG_ENABLE_OBJC_WEAK = YES;
				CLANG_WARN_BLOCK_CAPTURE_AUTORELEASING = YES;
				CLANG_WARN_BOOL_CONVERSION = YES;
				CLANG_WARN_COMMA = YES;
				CLANG_WARN_CONSTANT_CONVERSION = YES;
				CLANG_WARN_DEPRECATED_OBJC_IMPLEMENTATIONS = YES;
				CLANG_WARN_DIRECT_OBJC_ISA_USAGE = YES_ERROR;
				CLANG_WARN_DOCUMENTATION_COMMENTS = YES;
				CLANG_WARN_EMPTY_BODY = YES;
				CLANG_WARN_ENUM_CONVERSION = YES;
				CLANG_WARN_INFINITE_RECURSION = YES;
				CLANG_WARN_INT_CONVERSION = YES;
				CLANG_WARN_NON_LITERAL_NULL_CONVERSION = YES;
				CLANG_WARN_OBJC_IMPLICIT_RETAIN_SELF = YES;
				CLANG_WARN_OBJC_LITERAL_CONVERSION = YES;
				CLANG_WARN_OBJC_ROOT_CLASS = YES_ERROR;
				CLANG_WARN_RANGE_LOOP_ANALYSIS = YES;
				CLANG_WARN_STRICT_PROTOTYPES = YES;
				CLANG_WARN_SUSPICIOUS_MOVE = YES;
				CLANG_WARN_UNGUARDED_AVAILABILITY = YES_AGGRESSIVE;
				CLANG_WARN_UNREACHABLE_CODE = YES;
				CLANG_WARN__DUPLICATE_METHOD_MATCH = YES;
				CODE_SIGN_IDENTITY = "iPhone Developer";
				COPY_PHASE_STRIP = NO;
				DEBUG_INFORMATION_FORMAT = "dwarf-with-dsym";
				ENABLE_NS_ASSERTIONS = NO;
				ENABLE_STRICT_OBJC_MSGSEND = YES;
				GCC_C_LANGUAGE_STANDARD = gnu11;
				GCC_NO_COMMON_BLOCKS = YES;
				GCC_WARN_64_TO_32_BIT_CONVERSION = YES;
				GCC_WARN_ABOUT_RETURN_TYPE = YES_ERROR;
				GCC_WARN_UNDECLARED_SELECTOR = YES;
				GCC_WARN_UNINITIALIZED_AUTOS = YES_AGGRESSIVE;
				GCC_WARN_UNUSED_FUNCTION = YES;
				GCC_WARN_UNUSED_VARIABLE = YES;
				IPHONEOS_DEPLOYMENT_TARGET = 11.4;
				MTL_ENABLE_DEBUG_INFO = NO;
				SDKROOT = iphoneos;
				SWIFT_COMPILATION_MODE = wholemodule;
				SWIFT_OPTIMIZATION_LEVEL = "-O";
				VALIDATE_PRODUCT = YES;
			};
			name = Release;
		};
		A005FBC020FF25A9009FB262 /* Debug */ = {
			isa = XCBuildConfiguration;
			buildSettings = {
				ASSETCATALOG_COMPILER_APPICON_NAME = AppIcon;
				CODE_SIGN_STYLE = Automatic;
				INFOPLIST_FILE = PassDataUseDelegate2/Info.plist;
				LD_RUNPATH_SEARCH_PATHS = (
					"$(inherited)",
					"@executable_path/Frameworks",
				);
				PRODUCT_BUNDLE_IDENTIFIER = com.hieuNguyen.PassDataUseDelegate2;
				PRODUCT_NAME = "$(TARGET_NAME)";
				SWIFT_VERSION = 4.0;
				TARGETED_DEVICE_FAMILY = "1,2";
			};
			name = Debug;
		};
		A005FBC120FF25A9009FB262 /* Release */ = {
			isa = XCBuildConfiguration;
			buildSettings = {
				ASSETCATALOG_COMPILER_APPICON_NAME = AppIcon;
				CODE_SIGN_STYLE = Automatic;
				INFOPLIST_FILE = PassDataUseDelegate2/Info.plist;
				LD_RUNPATH_SEARCH_PATHS = (
					"$(inherited)",
					"@executable_path/Frameworks",
				);
				PRODUCT_BUNDLE_IDENTIFIER = com.hieuNguyen.PassDataUseDelegate2;
				PRODUCT_NAME = "$(TARGET_NAME)";
				SWIFT_VERSION = 4.0;
				TARGETED_DEVICE_FAMILY = "1,2";
			};
			name = Release;
		};
/* End XCBuildConfiguration section */

/* Begin XCConfigurationList section */
		A005FBA820FF25A7009FB262 /* Build configuration list for PBXProject "PassDataUseDelegate2" */ = {
			isa = XCConfigurationList;
			buildConfigurations = (
				A005FBBD20FF25A9009FB262 /* Debug */,
				A005FBBE20FF25A9009FB262 /* Release */,
			);
			defaultConfigurationIsVisible = 0;
			defaultConfigurationName = Release;
		};
		A005FBBF20FF25A9009FB262 /* Build configuration list for PBXNativeTarget "PassDataUseDelegate2" */ = {
			isa = XCConfigurationList;
			buildConfigurations = (
				A005FBC020FF25A9009FB262 /* Debug */,
				A005FBC120FF25A9009FB262 /* Release */,
			);
			defaultConfigurationIsVisible = 0;
			defaultConfigurationName = Release;
		};
/* End XCConfigurationList section */
	};
	rootObject = A005FBA520FF25A7009FB262 /* Project object */;
}
